// !$*UTF8*$!
{
	archiveVersion = 1;
	classes = {
	};
	objectVersion = 50;
	objects = {

/* Begin PBXBuildFile section */
		6E928DA0266816FE00D16E76 /* AppDelegate.swift in Sources */ = {isa = PBXBuildFile; fileRef = 6E928D9F266816FE00D16E76 /* AppDelegate.swift */; };
		6E928DA2266816FE00D16E76 /* SceneDelegate.swift in Sources */ = {isa = PBXBuildFile; fileRef = 6E928DA1266816FE00D16E76 /* SceneDelegate.swift */; };
		6E928DA4266816FE00D16E76 /* ViewController.swift in Sources */ = {isa = PBXBuildFile; fileRef = 6E928DA3266816FE00D16E76 /* ViewController.swift */; };
		6E928DA7266816FE00D16E76 /* Main.storyboard in Resources */ = {isa = PBXBuildFile; fileRef = 6E928DA5266816FE00D16E76 /* Main.storyboard */; };
		6E928DA9266816FF00D16E76 /* Assets.xcassets in Resources */ = {isa = PBXBuildFile; fileRef = 6E928DA8266816FF00D16E76 /* Assets.xcassets */; };
		6E928DAC266816FF00D16E76 /* LaunchScreen.storyboard in Resources */ = {isa = PBXBuildFile; fileRef = 6E928DAA266816FF00D16E76 /* LaunchScreen.storyboard */; };
		6E928DC72668174B00D16E76 /* SignUpFormModelValidatorTests.swift in Sources */ = {isa = PBXBuildFile; fileRef = 6E928DC62668174B00D16E76 /* SignUpFormModelValidatorTests.swift */; };
		6E928DCD2668196800D16E76 /* SignUpFormModelValidator.swift in Sources */ = {isa = PBXBuildFile; fileRef = 6E928DCC2668196800D16E76 /* SignUpFormModelValidator.swift */; };
		6E928DF8266E330100D16E76 /* SignupWebServiceTests.swift in Sources */ = {isa = PBXBuildFile; fileRef = 6E928DF7266E330100D16E76 /* SignupWebServiceTests.swift */; };
		6E928DFC266E352300D16E76 /* SignupWebService.swift in Sources */ = {isa = PBXBuildFile; fileRef = 6E928DFB266E352300D16E76 /* SignupWebService.swift */; };
		6E928E00266E370100D16E76 /* SignupFormRequestModel.swift in Sources */ = {isa = PBXBuildFile; fileRef = 6E928DFF266E370100D16E76 /* SignupFormRequestModel.swift */; };
		6E928E04266E3C1000D16E76 /* SignupResponseModel.swift in Sources */ = {isa = PBXBuildFile; fileRef = 6E928E03266E3C1000D16E76 /* SignupResponseModel.swift */; };
		6E928E08266E3F8200D16E76 /* SignupErrors.swift in Sources */ = {isa = PBXBuildFile; fileRef = 6E928E07266E3F8200D16E76 /* SignupErrors.swift */; };
		6E928E17266E5BDE00D16E76 /* MockUrlProtocol.swift in Sources */ = {isa = PBXBuildFile; fileRef = 6E928E16266E5BDE00D16E76 /* MockUrlProtocol.swift */; };
		6E928E1C266E600C00D16E76 /* Constants.swift in Sources */ = {isa = PBXBuildFile; fileRef = 6E928E1B266E600C00D16E76 /* Constants.swift */; };
		6EE8EFD7266F332B009FE113 /* SignupPresenterTests.swift in Sources */ = {isa = PBXBuildFile; fileRef = 6EE8EFD6266F332B009FE113 /* SignupPresenterTests.swift */; };
		6EE8EFDB266F3493009FE113 /* SignupFormModel.swift in Sources */ = {isa = PBXBuildFile; fileRef = 6EE8EFDA266F3493009FE113 /* SignupFormModel.swift */; };
		6EE8EFE1266F364A009FE113 /* SignupPresenter.swift in Sources */ = {isa = PBXBuildFile; fileRef = 6EE8EFE0266F364A009FE113 /* SignupPresenter.swift */; };
		6EE8EFE5266F3D21009FE113 /* MockSignupModelValidator.swift in Sources */ = {isa = PBXBuildFile; fileRef = 6EE8EFE4266F3D21009FE113 /* MockSignupModelValidator.swift */; };
		6EE8EFF8266F4F04009FE113 /* MockSignupWebService.swift in Sources */ = {isa = PBXBuildFile; fileRef = 6EE8EFF7266F4F04009FE113 /* MockSignupWebService.swift */; };
		6EE8EFFD266F4FC9009FE113 /* SignupWebServiceProtocol.swift in Sources */ = {isa = PBXBuildFile; fileRef = 6EE8EFFC266F4FC9009FE113 /* SignupWebServiceProtocol.swift */; };
		6EE8F003266F5BE4009FE113 /* MockSignupViewDelegate.swift in Sources */ = {isa = PBXBuildFile; fileRef = 6EE8F002266F5BE4009FE113 /* MockSignupViewDelegate.swift */; };
		6EE8F007266F5CB2009FE113 /* SignupViewDelegateProtocol.swift in Sources */ = {isa = PBXBuildFile; fileRef = 6EE8F006266F5CB2009FE113 /* SignupViewDelegateProtocol.swift */; };
		6EE8F00B266F5CD0009FE113 /* SignUpFormModelValidatorProtocol.swift in Sources */ = {isa = PBXBuildFile; fileRef = 6EE8F00A266F5CD0009FE113 /* SignUpFormModelValidatorProtocol.swift */; };
/* End PBXBuildFile section */

/* Begin PBXContainerItemProxy section */
		6E928DBD2668171E00D16E76 /* PBXContainerItemProxy */ = {
			isa = PBXContainerItemProxy;
			containerPortal = 6E928D94266816FE00D16E76 /* Project object */;
			proxyType = 1;
			remoteGlobalIDString = 6E928D9B266816FE00D16E76;
			remoteInfo = UnitTestDemoApp;
		};
/* End PBXContainerItemProxy section */

/* Begin PBXFileReference section */
		6E928D9C266816FE00D16E76 /* UnitTestDemoApp.app */ = {isa = PBXFileReference; explicitFileType = wrapper.application; includeInIndex = 0; path = UnitTestDemoApp.app; sourceTree = BUILT_PRODUCTS_DIR; };
		6E928D9F266816FE00D16E76 /* AppDelegate.swift */ = {isa = PBXFileReference; lastKnownFileType = sourcecode.swift; path = AppDelegate.swift; sourceTree = "<group>"; };
		6E928DA1266816FE00D16E76 /* SceneDelegate.swift */ = {isa = PBXFileReference; lastKnownFileType = sourcecode.swift; path = SceneDelegate.swift; sourceTree = "<group>"; };
		6E928DA3266816FE00D16E76 /* ViewController.swift */ = {isa = PBXFileReference; lastKnownFileType = sourcecode.swift; path = ViewController.swift; sourceTree = "<group>"; };
		6E928DA6266816FE00D16E76 /* Base */ = {isa = PBXFileReference; lastKnownFileType = file.storyboard; name = Base; path = Base.lproj/Main.storyboard; sourceTree = "<group>"; };
		6E928DA8266816FF00D16E76 /* Assets.xcassets */ = {isa = PBXFileReference; lastKnownFileType = folder.assetcatalog; path = Assets.xcassets; sourceTree = "<group>"; };
		6E928DAB266816FF00D16E76 /* Base */ = {isa = PBXFileReference; lastKnownFileType = file.storyboard; name = Base; path = Base.lproj/LaunchScreen.storyboard; sourceTree = "<group>"; };
		6E928DAD266816FF00D16E76 /* Info.plist */ = {isa = PBXFileReference; lastKnownFileType = text.plist.xml; path = Info.plist; sourceTree = "<group>"; };
		6E928DB82668171E00D16E76 /* UnitTestDemoAppTests.xctest */ = {isa = PBXFileReference; explicitFileType = wrapper.cfbundle; includeInIndex = 0; path = UnitTestDemoAppTests.xctest; sourceTree = BUILT_PRODUCTS_DIR; };
		6E928DBC2668171E00D16E76 /* Info.plist */ = {isa = PBXFileReference; lastKnownFileType = text.plist.xml; path = Info.plist; sourceTree = "<group>"; };
		6E928DC62668174B00D16E76 /* SignUpFormModelValidatorTests.swift */ = {isa = PBXFileReference; lastKnownFileType = sourcecode.swift; path = SignUpFormModelValidatorTests.swift; sourceTree = "<group>"; };
		6E928DCC2668196800D16E76 /* SignUpFormModelValidator.swift */ = {isa = PBXFileReference; lastKnownFileType = sourcecode.swift; path = SignUpFormModelValidator.swift; sourceTree = "<group>"; };
		6E928DF7266E330100D16E76 /* SignupWebServiceTests.swift */ = {isa = PBXFileReference; lastKnownFileType = sourcecode.swift; path = SignupWebServiceTests.swift; sourceTree = "<group>"; };
		6E928DFB266E352300D16E76 /* SignupWebService.swift */ = {isa = PBXFileReference; lastKnownFileType = sourcecode.swift; path = SignupWebService.swift; sourceTree = "<group>"; };
		6E928DFF266E370100D16E76 /* SignupFormRequestModel.swift */ = {isa = PBXFileReference; lastKnownFileType = sourcecode.swift; path = SignupFormRequestModel.swift; sourceTree = "<group>"; };
		6E928E03266E3C1000D16E76 /* SignupResponseModel.swift */ = {isa = PBXFileReference; lastKnownFileType = sourcecode.swift; path = SignupResponseModel.swift; sourceTree = "<group>"; };
		6E928E07266E3F8200D16E76 /* SignupErrors.swift */ = {isa = PBXFileReference; lastKnownFileType = sourcecode.swift; path = SignupErrors.swift; sourceTree = "<group>"; };
		6E928E16266E5BDE00D16E76 /* MockUrlProtocol.swift */ = {isa = PBXFileReference; lastKnownFileType = sourcecode.swift; path = MockUrlProtocol.swift; sourceTree = "<group>"; };
		6E928E1B266E600C00D16E76 /* Constants.swift */ = {isa = PBXFileReference; lastKnownFileType = sourcecode.swift; path = Constants.swift; sourceTree = "<group>"; };
		6EE8EFD6266F332B009FE113 /* SignupPresenterTests.swift */ = {isa = PBXFileReference; lastKnownFileType = sourcecode.swift; path = SignupPresenterTests.swift; sourceTree = "<group>"; };
		6EE8EFDA266F3493009FE113 /* SignupFormModel.swift */ = {isa = PBXFileReference; lastKnownFileType = sourcecode.swift; path = SignupFormModel.swift; sourceTree = "<group>"; };
		6EE8EFE0266F364A009FE113 /* SignupPresenter.swift */ = {isa = PBXFileReference; lastKnownFileType = sourcecode.swift; path = SignupPresenter.swift; sourceTree = "<group>"; };
		6EE8EFE4266F3D21009FE113 /* MockSignupModelValidator.swift */ = {isa = PBXFileReference; lastKnownFileType = sourcecode.swift; path = MockSignupModelValidator.swift; sourceTree = "<group>"; };
		6EE8EFF7266F4F04009FE113 /* MockSignupWebService.swift */ = {isa = PBXFileReference; lastKnownFileType = sourcecode.swift; path = MockSignupWebService.swift; sourceTree = "<group>"; };
		6EE8EFFC266F4FC9009FE113 /* SignupWebServiceProtocol.swift */ = {isa = PBXFileReference; lastKnownFileType = sourcecode.swift; path = SignupWebServiceProtocol.swift; sourceTree = "<group>"; };
		6EE8F002266F5BE4009FE113 /* MockSignupViewDelegate.swift */ = {isa = PBXFileReference; lastKnownFileType = sourcecode.swift; path = MockSignupViewDelegate.swift; sourceTree = "<group>"; };
		6EE8F006266F5CB2009FE113 /* SignupViewDelegateProtocol.swift */ = {isa = PBXFileReference; lastKnownFileType = sourcecode.swift; path = SignupViewDelegateProtocol.swift; sourceTree = "<group>"; };
		6EE8F00A266F5CD0009FE113 /* SignUpFormModelValidatorProtocol.swift */ = {isa = PBXFileReference; lastKnownFileType = sourcecode.swift; path = SignUpFormModelValidatorProtocol.swift; sourceTree = "<group>"; };
/* End PBXFileReference section */

/* Begin PBXFrameworksBuildPhase section */
		6E928D99266816FE00D16E76 /* Frameworks */ = {
			isa = PBXFrameworksBuildPhase;
			buildActionMask = 2147483647;
			files = (
			);
			runOnlyForDeploymentPostprocessing = 0;
		};
		6E928DB52668171E00D16E76 /* Frameworks */ = {
			isa = PBXFrameworksBuildPhase;
			buildActionMask = 2147483647;
			files = (
			);
			runOnlyForDeploymentPostprocessing = 0;
		};
/* End PBXFrameworksBuildPhase section */

/* Begin PBXGroup section */
		6E928D93266816FE00D16E76 = {
			isa = PBXGroup;
			children = (
				6E928D9E266816FE00D16E76 /* UnitTestDemoApp */,
				6E928DB92668171E00D16E76 /* UnitTestDemoAppTests */,
				6E928D9D266816FE00D16E76 /* Products */,
			);
			sourceTree = "<group>";
		};
		6E928D9D266816FE00D16E76 /* Products */ = {
			isa = PBXGroup;
			children = (
				6E928D9C266816FE00D16E76 /* UnitTestDemoApp.app */,
				6E928DB82668171E00D16E76 /* UnitTestDemoAppTests.xctest */,
			);
			name = Products;
			sourceTree = "<group>";
		};
		6E928D9E266816FE00D16E76 /* UnitTestDemoApp */ = {
			isa = PBXGroup;
			children = (
				6E928E0C266E471600D16E76 /* App */,
				6E928E13266E489000D16E76 /* Storyboards */,
				6E928E0B266E470C00D16E76 /* Signup */,
				6E928E1A266E5FFB00D16E76 /* Utils */,
				6E928DA8266816FF00D16E76 /* Assets.xcassets */,
				6E928DAD266816FF00D16E76 /* Info.plist */,
			);
			path = UnitTestDemoApp;
			sourceTree = "<group>";
		};
		6E928DB92668171E00D16E76 /* UnitTestDemoAppTests */ = {
			isa = PBXGroup;
			children = (
				6E928E10266E483300D16E76 /* Signup */,
				6E928DBC2668171E00D16E76 /* Info.plist */,
			);
			path = UnitTestDemoAppTests;
			sourceTree = "<group>";
		};
		6E928E0B266E470C00D16E76 /* Signup */ = {
			isa = PBXGroup;
			children = (
				6EE8EFFB266F4FB4009FE113 /* Protocols */,
				6EE8EFF2266F4C21009FE113 /* Presenters */,
				6E928E0D266E475E00D16E76 /* Model */,
				6E928E0F266E47DC00D16E76 /* Network */,
				6E928E0E266E47CD00D16E76 /* Controllers */,
			);
			path = Signup;
			sourceTree = "<group>";
		};
		6E928E0C266E471600D16E76 /* App */ = {
			isa = PBXGroup;
			children = (
				6E928D9F266816FE00D16E76 /* AppDelegate.swift */,
				6E928DA1266816FE00D16E76 /* SceneDelegate.swift */,
			);
			path = App;
			sourceTree = "<group>";
		};
		6E928E0D266E475E00D16E76 /* Model */ = {
			isa = PBXGroup;
			children = (
				6E928DCC2668196800D16E76 /* SignUpFormModelValidator.swift */,
				6EE8EFDA266F3493009FE113 /* SignupFormModel.swift */,
				6E928DFF266E370100D16E76 /* SignupFormRequestModel.swift */,
				6E928E03266E3C1000D16E76 /* SignupResponseModel.swift */,
				6E928E07266E3F8200D16E76 /* SignupErrors.swift */,
			);
			path = Model;
			sourceTree = "<group>";
		};
		6E928E0E266E47CD00D16E76 /* Controllers */ = {
			isa = PBXGroup;
			children = (
				6E928DA3266816FE00D16E76 /* ViewController.swift */,
			);
			path = Controllers;
			sourceTree = "<group>";
		};
		6E928E0F266E47DC00D16E76 /* Network */ = {
			isa = PBXGroup;
			children = (
				6E928DFB266E352300D16E76 /* SignupWebService.swift */,
			);
			path = Network;
			sourceTree = "<group>";
		};
		6E928E10266E483300D16E76 /* Signup */ = {
			isa = PBXGroup;
			children = (
				6EE8EFF4266F4C5B009FE113 /* Presenter */,
				6EE8EFF3266F4C4D009FE113 /* Mocks */,
				6E928E12266E484900D16E76 /* Network */,
				6E928E11266E484300D16E76 /* Models */,
			);
			path = Signup;
			sourceTree = "<group>";
		};
		6E928E11266E484300D16E76 /* Models */ = {
			isa = PBXGroup;
			children = (
				6E928DC62668174B00D16E76 /* SignUpFormModelValidatorTests.swift */,
			);
			path = Models;
			sourceTree = "<group>";
		};
		6E928E12266E484900D16E76 /* Network */ = {
			isa = PBXGroup;
			children = (
				6E928DF7266E330100D16E76 /* SignupWebServiceTests.swift */,
			);
			path = Network;
			sourceTree = "<group>";
		};
		6E928E13266E489000D16E76 /* Storyboards */ = {
			isa = PBXGroup;
			children = (
				6E928DA5266816FE00D16E76 /* Main.storyboard */,
				6E928DAA266816FF00D16E76 /* LaunchScreen.storyboard */,
			);
			path = Storyboards;
			sourceTree = "<group>";
		};
		6E928E1A266E5FFB00D16E76 /* Utils */ = {
			isa = PBXGroup;
			children = (
				6E928E1B266E600C00D16E76 /* Constants.swift */,
			);
			path = Utils;
			sourceTree = "<group>";
		};
		6EE8EFF2266F4C21009FE113 /* Presenters */ = {
			isa = PBXGroup;
			children = (
				6EE8EFE0266F364A009FE113 /* SignupPresenter.swift */,
			);
			path = Presenters;
			sourceTree = "<group>";
		};
		6EE8EFF3266F4C4D009FE113 /* Mocks */ = {
			isa = PBXGroup;
			children = (
				6E928E16266E5BDE00D16E76 /* MockUrlProtocol.swift */,
				6EE8EFE4266F3D21009FE113 /* MockSignupModelValidator.swift */,
				6EE8EFF7266F4F04009FE113 /* MockSignupWebService.swift */,
				6EE8F002266F5BE4009FE113 /* MockSignupViewDelegate.swift */,
			);
			path = Mocks;
			sourceTree = "<group>";
		};
		6EE8EFF4266F4C5B009FE113 /* Presenter */ = {
			isa = PBXGroup;
			children = (
				6EE8EFD6266F332B009FE113 /* SignupPresenterTests.swift */,
			);
			path = Presenter;
			sourceTree = "<group>";
		};
		6EE8EFFB266F4FB4009FE113 /* Protocols */ = {
			isa = PBXGroup;
			children = (
				6EE8EFFC266F4FC9009FE113 /* SignupWebServiceProtocol.swift */,
				6EE8F006266F5CB2009FE113 /* SignupViewDelegateProtocol.swift */,
				6EE8F00A266F5CD0009FE113 /* SignUpFormModelValidatorProtocol.swift */,
			);
			path = Protocols;
			sourceTree = "<group>";
		};
/* End PBXGroup section */

/* Begin PBXNativeTarget section */
		6E928D9B266816FE00D16E76 /* UnitTestDemoApp */ = {
			isa = PBXNativeTarget;
			buildConfigurationList = 6E928DB0266816FF00D16E76 /* Build configuration list for PBXNativeTarget "UnitTestDemoApp" */;
			buildPhases = (
				6E928D98266816FE00D16E76 /* Sources */,
				6E928D99266816FE00D16E76 /* Frameworks */,
				6E928D9A266816FE00D16E76 /* Resources */,
			);
			buildRules = (
			);
			dependencies = (
			);
			name = UnitTestDemoApp;
			productName = UnitTestDemoApp;
			productReference = 6E928D9C266816FE00D16E76 /* UnitTestDemoApp.app */;
			productType = "com.apple.product-type.application";
		};
		6E928DB72668171E00D16E76 /* UnitTestDemoAppTests */ = {
			isa = PBXNativeTarget;
			buildConfigurationList = 6E928DBF2668171E00D16E76 /* Build configuration list for PBXNativeTarget "UnitTestDemoAppTests" */;
			buildPhases = (
				6E928DB42668171E00D16E76 /* Sources */,
				6E928DB52668171E00D16E76 /* Frameworks */,
				6E928DB62668171E00D16E76 /* Resources */,
			);
			buildRules = (
			);
			dependencies = (
				6E928DBE2668171E00D16E76 /* PBXTargetDependency */,
			);
			name = UnitTestDemoAppTests;
			productName = UnitTestDemoAppTests;
			productReference = 6E928DB82668171E00D16E76 /* UnitTestDemoAppTests.xctest */;
			productType = "com.apple.product-type.bundle.unit-test";
		};
/* End PBXNativeTarget section */

/* Begin PBXProject section */
		6E928D94266816FE00D16E76 /* Project object */ = {
			isa = PBXProject;
			attributes = {
				LastSwiftUpdateCheck = 1240;
				LastUpgradeCheck = 1240;
				TargetAttributes = {
					6E928D9B266816FE00D16E76 = {
						CreatedOnToolsVersion = 12.4;
					};
					6E928DB72668171E00D16E76 = {
						CreatedOnToolsVersion = 12.4;
						LastSwiftMigration = 1240;
						TestTargetID = 6E928D9B266816FE00D16E76;
					};
				};
			};
			buildConfigurationList = 6E928D97266816FE00D16E76 /* Build configuration list for PBXProject "UnitTestDemoApp" */;
			compatibilityVersion = "Xcode 9.3";
			developmentRegion = en;
			hasScannedForEncodings = 0;
			knownRegions = (
				en,
				Base,
			);
			mainGroup = 6E928D93266816FE00D16E76;
			productRefGroup = 6E928D9D266816FE00D16E76 /* Products */;
			projectDirPath = "";
			projectRoot = "";
			targets = (
				6E928D9B266816FE00D16E76 /* UnitTestDemoApp */,
				6E928DB72668171E00D16E76 /* UnitTestDemoAppTests */,
			);
		};
/* End PBXProject section */

/* Begin PBXResourcesBuildPhase section */
		6E928D9A266816FE00D16E76 /* Resources */ = {
			isa = PBXResourcesBuildPhase;
			buildActionMask = 2147483647;
			files = (
				6E928DAC266816FF00D16E76 /* LaunchScreen.storyboard in Resources */,
				6E928DA9266816FF00D16E76 /* Assets.xcassets in Resources */,
				6E928DA7266816FE00D16E76 /* Main.storyboard in Resources */,
			);
			runOnlyForDeploymentPostprocessing = 0;
		};
		6E928DB62668171E00D16E76 /* Resources */ = {
			isa = PBXResourcesBuildPhase;
			buildActionMask = 2147483647;
			files = (
			);
			runOnlyForDeploymentPostprocessing = 0;
		};
/* End PBXResourcesBuildPhase section */

/* Begin PBXSourcesBuildPhase section */
		6E928D98266816FE00D16E76 /* Sources */ = {
			isa = PBXSourcesBuildPhase;
			buildActionMask = 2147483647;
			files = (
				6EE8EFE1266F364A009FE113 /* SignupPresenter.swift in Sources */,
				6E928E08266E3F8200D16E76 /* SignupErrors.swift in Sources */,
				6E928DFC266E352300D16E76 /* SignupWebService.swift in Sources */,
				6E928E04266E3C1000D16E76 /* SignupResponseModel.swift in Sources */,
				6E928DA4266816FE00D16E76 /* ViewController.swift in Sources */,
				6E928DA0266816FE00D16E76 /* AppDelegate.swift in Sources */,
				6EE8EFDB266F3493009FE113 /* SignupFormModel.swift in Sources */,
				6EE8F007266F5CB2009FE113 /* SignupViewDelegateProtocol.swift in Sources */,
				6E928E00266E370100D16E76 /* SignupFormRequestModel.swift in Sources */,
				6EE8EFFD266F4FC9009FE113 /* SignupWebServiceProtocol.swift in Sources */,
				6E928DCD2668196800D16E76 /* SignUpFormModelValidator.swift in Sources */,
				6E928DA2266816FE00D16E76 /* SceneDelegate.swift in Sources */,
				6EE8F00B266F5CD0009FE113 /* SignUpFormModelValidatorProtocol.swift in Sources */,
				6E928E1C266E600C00D16E76 /* Constants.swift in Sources */,
			);
			runOnlyForDeploymentPostprocessing = 0;
		};
		6E928DB42668171E00D16E76 /* Sources */ = {
			isa = PBXSourcesBuildPhase;
			buildActionMask = 2147483647;
			files = (
				6EE8EFF8266F4F04009FE113 /* MockSignupWebService.swift in Sources */,
				6E928E17266E5BDE00D16E76 /* MockUrlProtocol.swift in Sources */,
				6E928DF8266E330100D16E76 /* SignupWebServiceTests.swift in Sources */,
				6EE8EFD7266F332B009FE113 /* SignupPresenterTests.swift in Sources */,
				6EE8EFE5266F3D21009FE113 /* MockSignupModelValidator.swift in Sources */,
				6E928DC72668174B00D16E76 /* SignUpFormModelValidatorTests.swift in Sources */,
				6EE8F003266F5BE4009FE113 /* MockSignupViewDelegate.swift in Sources */,
			);
			runOnlyForDeploymentPostprocessing = 0;
		};
/* End PBXSourcesBuildPhase section */

/* Begin PBXTargetDependency section */
		6E928DBE2668171E00D16E76 /* PBXTargetDependency */ = {
			isa = PBXTargetDependency;
			target = 6E928D9B266816FE00D16E76 /* UnitTestDemoApp */;
			targetProxy = 6E928DBD2668171E00D16E76 /* PBXContainerItemProxy */;
		};
/* End PBXTargetDependency section */

/* Begin PBXVariantGroup section */
		6E928DA5266816FE00D16E76 /* Main.storyboard */ = {
			isa = PBXVariantGroup;
			children = (
				6E928DA6266816FE00D16E76 /* Base */,
			);
			name = Main.storyboard;
			sourceTree = "<group>";
		};
		6E928DAA266816FF00D16E76 /* LaunchScreen.storyboard */ = {
			isa = PBXVariantGroup;
			children = (
				6E928DAB266816FF00D16E76 /* Base */,
			);
			name = LaunchScreen.storyboard;
			sourceTree = "<group>";
		};
/* End PBXVariantGroup section */

/* Begin XCBuildConfiguration section */
		6E928DAE266816FF00D16E76 /* Debug */ = {
			isa = XCBuildConfiguration;
			buildSettings = {
				ALWAYS_SEARCH_USER_PATHS = NO;
				CLANG_ANALYZER_NONNULL = YES;
				CLANG_ANALYZER_NUMBER_OBJECT_CONVERSION = YES_AGGRESSIVE;
				CLANG_CXX_LANGUAGE_STANDARD = "gnu++14";
				CLANG_CXX_LIBRARY = "libc++";
				CLANG_ENABLE_MODULES = YES;
				CLANG_ENABLE_OBJC_ARC = YES;
				CLANG_ENABLE_OBJC_WEAK = YES;
				CLANG_WARN_BLOCK_CAPTURE_AUTORELEASING = YES;
				CLANG_WARN_BOOL_CONVERSION = YES;
				CLANG_WARN_COMMA = YES;
				CLANG_WARN_CONSTANT_CONVERSION = YES;
				CLANG_WARN_DEPRECATED_OBJC_IMPLEMENTATIONS = YES;
				CLANG_WARN_DIRECT_OBJC_ISA_USAGE = YES_ERROR;
				CLANG_WARN_DOCUMENTATION_COMMENTS = YES;
				CLANG_WARN_EMPTY_BODY = YES;
				CLANG_WARN_ENUM_CONVERSION = YES;
				CLANG_WARN_INFINITE_RECURSION = YES;
				CLANG_WARN_INT_CONVERSION = YES;
				CLANG_WARN_NON_LITERAL_NULL_CONVERSION = YES;
				CLANG_WARN_OBJC_IMPLICIT_RETAIN_SELF = YES;
				CLANG_WARN_OBJC_LITERAL_CONVERSION = YES;
				CLANG_WARN_OBJC_ROOT_CLASS = YES_ERROR;
				CLANG_WARN_QUOTED_INCLUDE_IN_FRAMEWORK_HEADER = YES;
				CLANG_WARN_RANGE_LOOP_ANALYSIS = YES;
				CLANG_WARN_STRICT_PROTOTYPES = YES;
				CLANG_WARN_SUSPICIOUS_MOVE = YES;
				CLANG_WARN_UNGUARDED_AVAILABILITY = YES_AGGRESSIVE;
				CLANG_WARN_UNREACHABLE_CODE = YES;
				CLANG_WARN__DUPLICATE_METHOD_MATCH = YES;
				COPY_PHASE_STRIP = NO;
				DEBUG_INFORMATION_FORMAT = dwarf;
				ENABLE_STRICT_OBJC_MSGSEND = YES;
				ENABLE_TESTABILITY = YES;
				GCC_C_LANGUAGE_STANDARD = gnu11;
				GCC_DYNAMIC_NO_PIC = NO;
				GCC_NO_COMMON_BLOCKS = YES;
				GCC_OPTIMIZATION_LEVEL = 0;
				GCC_PREPROCESSOR_DEFINITIONS = (
					"DEBUG=1",
					"$(inherited)",
				);
				GCC_WARN_64_TO_32_BIT_CONVERSION = YES;
				GCC_WARN_ABOUT_RETURN_TYPE = YES_ERROR;
				GCC_WARN_UNDECLARED_SELECTOR = YES;
				GCC_WARN_UNINITIALIZED_AUTOS = YES_AGGRESSIVE;
				GCC_WARN_UNUSED_FUNCTION = YES;
				GCC_WARN_UNUSED_VARIABLE = YES;
				IPHONEOS_DEPLOYMENT_TARGET = 14.4;
				MTL_ENABLE_DEBUG_INFO = INCLUDE_SOURCE;
				MTL_FAST_MATH = YES;
				ONLY_ACTIVE_ARCH = YES;
				SDKROOT = iphoneos;
				SWIFT_ACTIVE_COMPILATION_CONDITIONS = DEBUG;
				SWIFT_OPTIMIZATION_LEVEL = "-Onone";
			};
			name = Debug;
		};
		6E928DAF266816FF00D16E76 /* Release */ = {
			isa = XCBuildConfiguration;
			buildSettings = {
				ALWAYS_SEARCH_USER_PATHS = NO;
				CLANG_ANALYZER_NONNULL = YES;
				CLANG_ANALYZER_NUMBER_OBJECT_CONVERSION = YES_AGGRESSIVE;
				CLANG_CXX_LANGUAGE_STANDARD = "gnu++14";
				CLANG_CXX_LIBRARY = "libc++";
				CLANG_ENABLE_MODULES = YES;
				CLANG_ENABLE_OBJC_ARC = YES;
				CLANG_ENABLE_OBJC_WEAK = YES;
				CLANG_WARN_BLOCK_CAPTURE_AUTORELEASING = YES;
				CLANG_WARN_BOOL_CONVERSION = YES;
				CLANG_WARN_COMMA = YES;
				CLANG_WARN_CONSTANT_CONVERSION = YES;
				CLANG_WARN_DEPRECATED_OBJC_IMPLEMENTATIONS = YES;
				CLANG_WARN_DIRECT_OBJC_ISA_USAGE = YES_ERROR;
				CLANG_WARN_DOCUMENTATION_COMMENTS = YES;
				CLANG_WARN_EMPTY_BODY = YES;
				CLANG_WARN_ENUM_CONVERSION = YES;
				CLANG_WARN_INFINITE_RECURSION = YES;
				CLANG_WARN_INT_CONVERSION = YES;
				CLANG_WARN_NON_LITERAL_NULL_CONVERSION = YES;
				CLANG_WARN_OBJC_IMPLICIT_RETAIN_SELF = YES;
				CLANG_WARN_OBJC_LITERAL_CONVERSION = YES;
				CLANG_WARN_OBJC_ROOT_CLASS = YES_ERROR;
				CLANG_WARN_QUOTED_INCLUDE_IN_FRAMEWORK_HEADER = YES;
				CLANG_WARN_RANGE_LOOP_ANALYSIS = YES;
				CLANG_WARN_STRICT_PROTOTYPES = YES;
				CLANG_WARN_SUSPICIOUS_MOVE = YES;
				CLANG_WARN_UNGUARDED_AVAILABILITY = YES_AGGRESSIVE;
				CLANG_WARN_UNREACHABLE_CODE = YES;
				CLANG_WARN__DUPLICATE_METHOD_MATCH = YES;
				COPY_PHASE_STRIP = NO;
				DEBUG_INFORMATION_FORMAT = "dwarf-with-dsym";
				ENABLE_NS_ASSERTIONS = NO;
				ENABLE_STRICT_OBJC_MSGSEND = YES;
				GCC_C_LANGUAGE_STANDARD = gnu11;
				GCC_NO_COMMON_BLOCKS = YES;
				GCC_WARN_64_TO_32_BIT_CONVERSION = YES;
				GCC_WARN_ABOUT_RETURN_TYPE = YES_ERROR;
				GCC_WARN_UNDECLARED_SELECTOR = YES;
				GCC_WARN_UNINITIALIZED_AUTOS = YES_AGGRESSIVE;
				GCC_WARN_UNUSED_FUNCTION = YES;
				GCC_WARN_UNUSED_VARIABLE = YES;
				IPHONEOS_DEPLOYMENT_TARGET = 14.4;
				MTL_ENABLE_DEBUG_INFO = NO;
				MTL_FAST_MATH = YES;
				SDKROOT = iphoneos;
				SWIFT_COMPILATION_MODE = wholemodule;
				SWIFT_OPTIMIZATION_LEVEL = "-O";
				VALIDATE_PRODUCT = YES;
			};
			name = Release;
		};
		6E928DB1266816FF00D16E76 /* Debug */ = {
			isa = XCBuildConfiguration;
			buildSettings = {
				ASSETCATALOG_COMPILER_APPICON_NAME = AppIcon;
				ASSETCATALOG_COMPILER_GLOBAL_ACCENT_COLOR_NAME = AccentColor;
				CODE_SIGN_STYLE = Automatic;
				INFOPLIST_FILE = UnitTestDemoApp/Info.plist;
				LD_RUNPATH_SEARCH_PATHS = (
					"$(inherited)",
					"@executable_path/Frameworks",
				);
				PRODUCT_BUNDLE_IDENTIFIER = com.descifrador.UnitTestDemoApp;
				PRODUCT_NAME = "$(TARGET_NAME)";
				SWIFT_VERSION = 5.0;
				TARGETED_DEVICE_FAMILY = "1,2";
			};
			name = Debug;
		};
		6E928DB2266816FF00D16E76 /* Release */ = {
			isa = XCBuildConfiguration;
			buildSettings = {
				ASSETCATALOG_COMPILER_APPICON_NAME = AppIcon;
				ASSETCATALOG_COMPILER_GLOBAL_ACCENT_COLOR_NAME = AccentColor;
				CODE_SIGN_STYLE = Automatic;
				INFOPLIST_FILE = UnitTestDemoApp/Info.plist;
				LD_RUNPATH_SEARCH_PATHS = (
					"$(inherited)",
					"@executable_path/Frameworks",
				);
				PRODUCT_BUNDLE_IDENTIFIER = com.descifrador.UnitTestDemoApp;
				PRODUCT_NAME = "$(TARGET_NAME)";
				SWIFT_VERSION = 5.0;
				TARGETED_DEVICE_FAMILY = "1,2";
			};
			name = Release;
		};
		6E928DC02668171E00D16E76 /* Debug */ = {
			isa = XCBuildConfiguration;
			buildSettings = {
				BUNDLE_LOADER = "$(TEST_HOST)";
				CLANG_ENABLE_MODULES = YES;
				CODE_SIGN_STYLE = Automatic;
				INFOPLIST_FILE = UnitTestDemoAppTests/Info.plist;
				LD_RUNPATH_SEARCH_PATHS = (
					"$(inherited)",
					"@executable_path/Frameworks",
					"@loader_path/Frameworks",
				);
				PRODUCT_BUNDLE_IDENTIFIER = com.descifrador.UnitTestDemoAppTests;
				PRODUCT_NAME = "$(TARGET_NAME)";
				SWIFT_OPTIMIZATION_LEVEL = "-Onone";
				SWIFT_VERSION = 5.0;
				TARGETED_DEVICE_FAMILY = "1,2";
				TEST_HOST = "$(BUILT_PRODUCTS_DIR)/UnitTestDemoApp.app/UnitTestDemoApp";
			};
			name = Debug;
		};
		6E928DC12668171E00D16E76 /* Release */ = {
			isa = XCBuildConfiguration;
			buildSettings = {
				BUNDLE_LOADER = "$(TEST_HOST)";
				CLANG_ENABLE_MODULES = YES;
				CODE_SIGN_STYLE = Automatic;
				INFOPLIST_FILE = UnitTestDemoAppTests/Info.plist;
				LD_RUNPATH_SEARCH_PATHS = (
					"$(inherited)",
					"@executable_path/Frameworks",
					"@loader_path/Frameworks",
				);
				PRODUCT_BUNDLE_IDENTIFIER = com.descifrador.UnitTestDemoAppTests;
				PRODUCT_NAME = "$(TARGET_NAME)";
				SWIFT_VERSION = 5.0;
				TARGETED_DEVICE_FAMILY = "1,2";
				TEST_HOST = "$(BUILT_PRODUCTS_DIR)/UnitTestDemoApp.app/UnitTestDemoApp";
			};
			name = Release;
		};
/* End XCBuildConfiguration section */

/* Begin XCConfigurationList section */
		6E928D97266816FE00D16E76 /* Build configuration list for PBXProject "UnitTestDemoApp" */ = {
			isa = XCConfigurationList;
			buildConfigurations = (
				6E928DAE266816FF00D16E76 /* Debug */,
				6E928DAF266816FF00D16E76 /* Release */,
			);
			defaultConfigurationIsVisible = 0;
			defaultConfigurationName = Release;
		};
		6E928DB0266816FF00D16E76 /* Build configuration list for PBXNativeTarget "UnitTestDemoApp" */ = {
			isa = XCConfigurationList;
			buildConfigurations = (
				6E928DB1266816FF00D16E76 /* Debug */,
				6E928DB2266816FF00D16E76 /* Release */,
			);
			defaultConfigurationIsVisible = 0;
			defaultConfigurationName = Release;
		};
		6E928DBF2668171E00D16E76 /* Build configuration list for PBXNativeTarget "UnitTestDemoAppTests" */ = {
			isa = XCConfigurationList;
			buildConfigurations = (
				6E928DC02668171E00D16E76 /* Debug */,
				6E928DC12668171E00D16E76 /* Release */,
			);
			defaultConfigurationIsVisible = 0;
			defaultConfigurationName = Release;
		};
/* End XCConfigurationList section */
	};
	rootObject = 6E928D94266816FE00D16E76 /* Project object */;
}
